{
    "_meta": {
        "hash": {
            "sha256": "01cd092953e762887b853d9374cfc2fce31dd96b75d53da6c746340c1d42dda2"
        },
        "pipfile-spec": 6,
        "requires": {
            "python_version": "3.13"
        },
        "sources": [
            {
                "name": "pypi",
                "url": "https://pypi.org/simple",
                "verify_ssl": true
            }
        ]
    },
    "default": {
        "asgiref": {
            "hashes": [
                "sha256:3e1e3ecc849832fe52ccf2cb6686b7a55f82bb1d6aee72a58826471390335e47",
                "sha256:c343bd80a0bec947a9860adb4c432ffa7db769836c64238fc34bdc3fec84d590"
            ],
            "markers": "python_version >= '3.8'",
            "version": "==3.8.1"
        },
        "crispy-bootstrap5": {
            "hashes": [
                "sha256:a343aa128b4383f35f00295b94de2b10862f2a4f24eda21fa6ead45234c07050",
                "sha256:f1bde7cac074c650fc82f31777d4a4cfd0df2512c68bc4128f259c75d3daada4"
            ],
            "index": "pypi",
            "markers": "python_version >= '3.8'",
            "version": "==2025.6"
        },
        "django": {
            "hashes": [
                "sha256:335213277666ab2c5cac44a792a6d2f3d58eb79a80c14b6b160cd4afc3b75684",
                "sha256:c517a6334e0fd940066aa9467b29401b93c37cec2e61365d663b80922542069d"
            ],
            "markers": "python_version >= '3.10'",
            "version": "==5.2.3"
        },
        "django-crispy-forms": {
            "hashes": [
                "sha256:5a4b99876cfb1bdd3e47727731b6d4197c51c0da502befbfbec6a93010b02030",
                "sha256:915e1ffdeb2987d78b33fabfeff8e5203c8776aa910a3a659a2c514ca125f3bd"
            ],
            "index": "pypi",
            "markers": "python_version >= '3.8'",
            "version": "==2.4"
        },
        "sqlparse": {
            "hashes": [
                "sha256:09f67787f56a0b16ecdbde1bfc7f5d9c3371ca683cfeaa8e6ff60b4807ec9272",
                "sha256:cf2196ed3418f3ba5de6af7e82c694a9fbdbfecccdfc72e281548517081f16ca"
            ],
            "markers": "python_version >= '3.8'",
            "version": "==0.5.3"
        },
        "tzdata": {
            "hashes": [
                "sha256:1a403fada01ff9221ca8044d701868fa132215d84beb92242d9acd2147f667a8",
                "sha256:b60a638fcc0daffadf82fe0f57e53d06bdec2f36c4df66280ae79bce6bd6f2b9"
            ],
            "markers": "python_version >= '2'",
            "version": "==2025.2"
        }
    },
    "develop": {}
}
